
Microsoft Visual Studio Solution File, Format Version 12.00
# Visual Studio Version 17
VisualStudioVersion = 17.3.32819.101
MinimumVisualStudioVersion = 10.0.40219.1
Project("{FAE04EC0-301F-11D3-BF4B-00C04F79EFBC}") = "Age_calculator", "Age_calculator\Age_calculator.csproj", "{77EB7913-DB92-4D4D-B743-878CF4AB9D75}"
EndProject
Global
	GlobalSection(SolutionConfigurationPlatforms) = preSolution
		Debug|Any CPU = Debug|Any CPU
		Release|Any CPU = Release|Any CPU
	EndGlobalSection
	GlobalSection(ProjectConfigurationPlatforms) = postSolution
		{77EB7913-DB92-4D4D-B743-878CF4AB9D75}.Debug|Any CPU.ActiveCfg = Debug|Any CPU
		{77EB7913-DB92-4D4D-B743-878CF4AB9D75}.Debug|Any CPU.Build.0 = Debug|Any CPU
		{77EB7913-DB92-4D4D-B743-878CF4AB9D75}.Release|Any CPU.ActiveCfg = Release|Any CPU
		{77EB7913-DB92-4D4D-B743-878CF4AB9D75}.Release|Any CPU.Build.0 = Release|Any CPU
	EndGlobalSection
	GlobalSection(SolutionProperties) = preSolution
		HideSolutionNode = FALSE
	EndGlobalSection
	GlobalSection(ExtensibilityGlobals) = postSolution
		SolutionGuid = {770B8858-DD82-45EC-969D-84EA81A5239B}
	EndGlobalSection
EndGlobal
